
Microsoft Visual Studio Solution File, Format Version 12.00
# Visual Studio Version 17
VisualStudioVersion = 17.5.33530.505
MinimumVisualStudioVersion = 10.0.40219.1
Project("{9A19103F-16F7-4668-BE54-9A1E7A4F7556}") = "GetLIS", "GetLIS\GetLIS.csproj", "{1B4FD2D6-CD7E-4F37-B562-F39CBC4B9760}"
EndProject
Project("{FAE04EC0-301F-11D3-BF4B-00C04F79EFBC}") = "GetLIS.Test", "GetLIS.Test\GetLIS.Test.csproj", "{926FD703-A239-4863-AA05-D1055DE9E0E4}"
EndProject
Global
	GlobalSection(SolutionConfigurationPlatforms) = preSolution
		Debug|Any CPU = Debug|Any CPU
		Release|Any CPU = Release|Any CPU
	EndGlobalSection
	GlobalSection(ProjectConfigurationPlatforms) = postSolution
		{1B4FD2D6-CD7E-4F37-B562-F39CBC4B9760}.Debug|Any CPU.ActiveCfg = Debug|Any CPU
		{1B4FD2D6-CD7E-4F37-B562-F39CBC4B9760}.Debug|Any CPU.Build.0 = Debug|Any CPU
		{1B4FD2D6-CD7E-4F37-B562-F39CBC4B9760}.Release|Any CPU.ActiveCfg = Release|Any CPU
		{1B4FD2D6-CD7E-4F37-B562-F39CBC4B9760}.Release|Any CPU.Build.0 = Release|Any CPU
		{926FD703-A239-4863-AA05-D1055DE9E0E4}.Debug|Any CPU.ActiveCfg = Debug|Any CPU
		{926FD703-A239-4863-AA05-D1055DE9E0E4}.Debug|Any CPU.Build.0 = Debug|Any CPU
		{926FD703-A239-4863-AA05-D1055DE9E0E4}.Release|Any CPU.ActiveCfg = Release|Any CPU
		{926FD703-A239-4863-AA05-D1055DE9E0E4}.Release|Any CPU.Build.0 = Release|Any CPU
	EndGlobalSection
	GlobalSection(SolutionProperties) = preSolution
		HideSolutionNode = FALSE
	EndGlobalSection
	GlobalSection(ExtensibilityGlobals) = postSolution
		SolutionGuid = {2F2D789E-2473-44CD-9129-E0973768EBDC}
	EndGlobalSection
EndGlobal
